// !$*UTF8*$!
{
	archiveVersion = 1;
	classes = {
	};
	objectVersion = 55;
	objects = {

/* Begin PBXBuildFile section */
		90D4F2EC28347FE3003B7048 /* FyloDarkThemeLandingPageApp.swift in Sources */ = {isa = PBXBuildFile; fileRef = 90D4F2DC28347FDE003B7048 /* FyloDarkThemeLandingPageApp.swift */; };
		90D4F2ED28347FE3003B7048 /* FyloDarkThemeLandingPageApp.swift in Sources */ = {isa = PBXBuildFile; fileRef = 90D4F2DC28347FDE003B7048 /* FyloDarkThemeLandingPageApp.swift */; };
		90D4F2EE28347FE3003B7048 /* ContentView.swift in Sources */ = {isa = PBXBuildFile; fileRef = 90D4F2DD28347FDE003B7048 /* ContentView.swift */; };
		90D4F2EF28347FE3003B7048 /* ContentView.swift in Sources */ = {isa = PBXBuildFile; fileRef = 90D4F2DD28347FDE003B7048 /* ContentView.swift */; };
		90D4F2F028347FE3003B7048 /* Assets.xcassets in Resources */ = {isa = PBXBuildFile; fileRef = 90D4F2DE28347FE3003B7048 /* Assets.xcassets */; };
		90D4F2F128347FE3003B7048 /* Assets.xcassets in Resources */ = {isa = PBXBuildFile; fileRef = 90D4F2DE28347FE3003B7048 /* Assets.xcassets */; };
		90D4F2FE283481EB003B7048 /* BackgroundView.swift in Sources */ = {isa = PBXBuildFile; fileRef = 90D4F2FD283481EB003B7048 /* BackgroundView.swift */; };
		90D4F30028348225003B7048 /* TopNavigationView.swift in Sources */ = {isa = PBXBuildFile; fileRef = 90D4F2FF28348225003B7048 /* TopNavigationView.swift */; };
		90D4F3022834826A003B7048 /* TopNavigationItemView.swift in Sources */ = {isa = PBXBuildFile; fileRef = 90D4F3012834826A003B7048 /* TopNavigationItemView.swift */; };
		90D4F30428348359003B7048 /* IntroView.swift in Sources */ = {isa = PBXBuildFile; fileRef = 90D4F30328348359003B7048 /* IntroView.swift */; };
		90D4F306283483B3003B7048 /* HeaderView.swift in Sources */ = {isa = PBXBuildFile; fileRef = 90D4F305283483B3003B7048 /* HeaderView.swift */; };
		90D4F3082834847C003B7048 /* GetStartedButtonView.swift in Sources */ = {isa = PBXBuildFile; fileRef = 90D4F3072834847C003B7048 /* GetStartedButtonView.swift */; };
		90D4F30A28348528003B7048 /* Feature.swift in Sources */ = {isa = PBXBuildFile; fileRef = 90D4F30928348528003B7048 /* Feature.swift */; };
		90D4F30C283485FA003B7048 /* FeatureStorage.swift in Sources */ = {isa = PBXBuildFile; fileRef = 90D4F30B283485FA003B7048 /* FeatureStorage.swift */; };
		90D4F30E283486D4003B7048 /* FeatureView.swift in Sources */ = {isa = PBXBuildFile; fileRef = 90D4F30D283486D4003B7048 /* FeatureView.swift */; };
		90D4F31028348899003B7048 /* StayProductiveIllustrationView.swift in Sources */ = {isa = PBXBuildFile; fileRef = 90D4F30F28348899003B7048 /* StayProductiveIllustrationView.swift */; };
		90D4F31228348904003B7048 /* StayProductiveView.swift in Sources */ = {isa = PBXBuildFile; fileRef = 90D4F31128348904003B7048 /* StayProductiveView.swift */; };
		90D4F314283489D7003B7048 /* SeeDetailView.swift in Sources */ = {isa = PBXBuildFile; fileRef = 90D4F313283489D7003B7048 /* SeeDetailView.swift */; };
		90D4F31628348BD4003B7048 /* Testimonial.swift in Sources */ = {isa = PBXBuildFile; fileRef = 90D4F31528348BD4003B7048 /* Testimonial.swift */; };
		90DFF20C283491B700B9DE16 /* TestimonialStorage.swift in Sources */ = {isa = PBXBuildFile; fileRef = 90DFF20B283491B700B9DE16 /* TestimonialStorage.swift */; };
		90DFF20E2834929700B9DE16 /* TestimonialView.swift in Sources */ = {isa = PBXBuildFile; fileRef = 90DFF20D2834929700B9DE16 /* TestimonialView.swift */; };
		90DFF210283495CD00B9DE16 /* QuotesView.swift in Sources */ = {isa = PBXBuildFile; fileRef = 90DFF20F283495CD00B9DE16 /* QuotesView.swift */; };
		90DFF2122835C25D00B9DE16 /* FooterView.swift in Sources */ = {isa = PBXBuildFile; fileRef = 90DFF2112835C25C00B9DE16 /* FooterView.swift */; };
		90DFF2142835C28200B9DE16 /* FooterLogoView.swift in Sources */ = {isa = PBXBuildFile; fileRef = 90DFF2132835C28200B9DE16 /* FooterLogoView.swift */; };
		90DFF2162835C3A300B9DE16 /* FooterLocationView.swift in Sources */ = {isa = PBXBuildFile; fileRef = 90DFF2152835C3A300B9DE16 /* FooterLocationView.swift */; };
		90DFF2182835C48A00B9DE16 /* FooterContactView.swift in Sources */ = {isa = PBXBuildFile; fileRef = 90DFF2172835C48A00B9DE16 /* FooterContactView.swift */; };
		90DFF21A2835C55300B9DE16 /* FooterEmailView.swift in Sources */ = {isa = PBXBuildFile; fileRef = 90DFF2192835C55300B9DE16 /* FooterEmailView.swift */; };
		90DFF21C2835C5C700B9DE16 /* FooterAboutView.swift in Sources */ = {isa = PBXBuildFile; fileRef = 90DFF21B2835C5C700B9DE16 /* FooterAboutView.swift */; };
		90DFF21E2835C5ED00B9DE16 /* FooterAboutItemView.swift in Sources */ = {isa = PBXBuildFile; fileRef = 90DFF21D2835C5ED00B9DE16 /* FooterAboutItemView.swift */; };
/* End PBXBuildFile section */

/* Begin PBXFileReference section */
		90D4F2DC28347FDE003B7048 /* FyloDarkThemeLandingPageApp.swift */ = {isa = PBXFileReference; lastKnownFileType = sourcecode.swift; path = FyloDarkThemeLandingPageApp.swift; sourceTree = "<group>"; };
		90D4F2DD28347FDE003B7048 /* ContentView.swift */ = {isa = PBXFileReference; lastKnownFileType = sourcecode.swift; path = ContentView.swift; sourceTree = "<group>"; };
		90D4F2DE28347FE3003B7048 /* Assets.xcassets */ = {isa = PBXFileReference; lastKnownFileType = folder.assetcatalog; path = Assets.xcassets; sourceTree = "<group>"; };
		90D4F2E328347FE3003B7048 /* Fylo Dark Theme Landing Page.app */ = {isa = PBXFileReference; explicitFileType = wrapper.application; includeInIndex = 0; path = "Fylo Dark Theme Landing Page.app"; sourceTree = BUILT_PRODUCTS_DIR; };
		90D4F2E928347FE3003B7048 /* Fylo Dark Theme Landing Page.app */ = {isa = PBXFileReference; explicitFileType = wrapper.application; includeInIndex = 0; path = "Fylo Dark Theme Landing Page.app"; sourceTree = BUILT_PRODUCTS_DIR; };
		90D4F2EB28347FE3003B7048 /* macOS.entitlements */ = {isa = PBXFileReference; lastKnownFileType = text.plist.entitlements; path = macOS.entitlements; sourceTree = "<group>"; };
		90D4F2FD283481EB003B7048 /* BackgroundView.swift */ = {isa = PBXFileReference; lastKnownFileType = sourcecode.swift; path = BackgroundView.swift; sourceTree = "<group>"; };
		90D4F2FF28348225003B7048 /* TopNavigationView.swift */ = {isa = PBXFileReference; lastKnownFileType = sourcecode.swift; path = TopNavigationView.swift; sourceTree = "<group>"; };
		90D4F3012834826A003B7048 /* TopNavigationItemView.swift */ = {isa = PBXFileReference; lastKnownFileType = sourcecode.swift; path = TopNavigationItemView.swift; sourceTree = "<group>"; };
		90D4F30328348359003B7048 /* IntroView.swift */ = {isa = PBXFileReference; lastKnownFileType = sourcecode.swift; path = IntroView.swift; sourceTree = "<group>"; };
		90D4F305283483B3003B7048 /* HeaderView.swift */ = {isa = PBXFileReference; lastKnownFileType = sourcecode.swift; path = HeaderView.swift; sourceTree = "<group>"; };
		90D4F3072834847C003B7048 /* GetStartedButtonView.swift */ = {isa = PBXFileReference; lastKnownFileType = sourcecode.swift; path = GetStartedButtonView.swift; sourceTree = "<group>"; };
		90D4F30928348528003B7048 /* Feature.swift */ = {isa = PBXFileReference; lastKnownFileType = sourcecode.swift; path = Feature.swift; sourceTree = "<group>"; };
		90D4F30B283485FA003B7048 /* FeatureStorage.swift */ = {isa = PBXFileReference; lastKnownFileType = sourcecode.swift; path = FeatureStorage.swift; sourceTree = "<group>"; };
		90D4F30D283486D4003B7048 /* FeatureView.swift */ = {isa = PBXFileReference; lastKnownFileType = sourcecode.swift; path = FeatureView.swift; sourceTree = "<group>"; };
		90D4F30F28348899003B7048 /* StayProductiveIllustrationView.swift */ = {isa = PBXFileReference; lastKnownFileType = sourcecode.swift; path = StayProductiveIllustrationView.swift; sourceTree = "<group>"; };
		90D4F31128348904003B7048 /* StayProductiveView.swift */ = {isa = PBXFileReference; lastKnownFileType = sourcecode.swift; path = StayProductiveView.swift; sourceTree = "<group>"; };
		90D4F313283489D7003B7048 /* SeeDetailView.swift */ = {isa = PBXFileReference; lastKnownFileType = sourcecode.swift; path = SeeDetailView.swift; sourceTree = "<group>"; };
		90D4F31528348BD4003B7048 /* Testimonial.swift */ = {isa = PBXFileReference; lastKnownFileType = sourcecode.swift; path = Testimonial.swift; sourceTree = "<group>"; };
		90DFF20B283491B700B9DE16 /* TestimonialStorage.swift */ = {isa = PBXFileReference; lastKnownFileType = sourcecode.swift; path = TestimonialStorage.swift; sourceTree = "<group>"; };
		90DFF20D2834929700B9DE16 /* TestimonialView.swift */ = {isa = PBXFileReference; lastKnownFileType = sourcecode.swift; path = TestimonialView.swift; sourceTree = "<group>"; };
		90DFF20F283495CD00B9DE16 /* QuotesView.swift */ = {isa = PBXFileReference; lastKnownFileType = sourcecode.swift; path = QuotesView.swift; sourceTree = "<group>"; };
		90DFF2112835C25C00B9DE16 /* FooterView.swift */ = {isa = PBXFileReference; lastKnownFileType = sourcecode.swift; path = FooterView.swift; sourceTree = "<group>"; };
		90DFF2132835C28200B9DE16 /* FooterLogoView.swift */ = {isa = PBXFileReference; lastKnownFileType = sourcecode.swift; path = FooterLogoView.swift; sourceTree = "<group>"; };
		90DFF2152835C3A300B9DE16 /* FooterLocationView.swift */ = {isa = PBXFileReference; lastKnownFileType = sourcecode.swift; path = FooterLocationView.swift; sourceTree = "<group>"; };
		90DFF2172835C48A00B9DE16 /* FooterContactView.swift */ = {isa = PBXFileReference; lastKnownFileType = sourcecode.swift; path = FooterContactView.swift; sourceTree = "<group>"; };
		90DFF2192835C55300B9DE16 /* FooterEmailView.swift */ = {isa = PBXFileReference; lastKnownFileType = sourcecode.swift; path = FooterEmailView.swift; sourceTree = "<group>"; };
		90DFF21B2835C5C700B9DE16 /* FooterAboutView.swift */ = {isa = PBXFileReference; lastKnownFileType = sourcecode.swift; path = FooterAboutView.swift; sourceTree = "<group>"; };
		90DFF21D2835C5ED00B9DE16 /* FooterAboutItemView.swift */ = {isa = PBXFileReference; lastKnownFileType = sourcecode.swift; path = FooterAboutItemView.swift; sourceTree = "<group>"; };
/* End PBXFileReference section */

/* Begin PBXFrameworksBuildPhase section */
		90D4F2E028347FE3003B7048 /* Frameworks */ = {
			isa = PBXFrameworksBuildPhase;
			buildActionMask = 2147483647;
			files = (
			);
			runOnlyForDeploymentPostprocessing = 0;
		};
		90D4F2E628347FE3003B7048 /* Frameworks */ = {
			isa = PBXFrameworksBuildPhase;
			buildActionMask = 2147483647;
			files = (
			);
			runOnlyForDeploymentPostprocessing = 0;
		};
/* End PBXFrameworksBuildPhase section */

/* Begin PBXGroup section */
		90D4F2D628347FDE003B7048 = {
			isa = PBXGroup;
			children = (
				90D4F2DB28347FDE003B7048 /* Shared */,
				90D4F2EA28347FE3003B7048 /* macOS */,
				90D4F2E428347FE3003B7048 /* Products */,
			);
			sourceTree = "<group>";
		};
		90D4F2DB28347FDE003B7048 /* Shared */ = {
			isa = PBXGroup;
			children = (
				90D4F2FC28347FFD003B7048 /* Views */,
				90D4F2FB28347FF8003B7048 /* Models */,
				90D4F2FA28347FF5003B7048 /* App */,
			);
			path = Shared;
			sourceTree = "<group>";
		};
		90D4F2E428347FE3003B7048 /* Products */ = {
			isa = PBXGroup;
			children = (
				90D4F2E328347FE3003B7048 /* Fylo Dark Theme Landing Page.app */,
				90D4F2E928347FE3003B7048 /* Fylo Dark Theme Landing Page.app */,
			);
			name = Products;
			sourceTree = "<group>";
		};
		90D4F2EA28347FE3003B7048 /* macOS */ = {
			isa = PBXGroup;
			children = (
				90D4F2EB28347FE3003B7048 /* macOS.entitlements */,
			);
			path = macOS;
			sourceTree = "<group>";
		};
		90D4F2FA28347FF5003B7048 /* App */ = {
			isa = PBXGroup;
			children = (
				90D4F2DC28347FDE003B7048 /* FyloDarkThemeLandingPageApp.swift */,
				90D4F2DE28347FE3003B7048 /* Assets.xcassets */,
			);
			path = App;
			sourceTree = "<group>";
		};
		90D4F2FB28347FF8003B7048 /* Models */ = {
			isa = PBXGroup;
			children = (
				90D4F30928348528003B7048 /* Feature.swift */,
				90D4F30B283485FA003B7048 /* FeatureStorage.swift */,
				90D4F31528348BD4003B7048 /* Testimonial.swift */,
				90DFF20B283491B700B9DE16 /* TestimonialStorage.swift */,
			);
			path = Models;
			sourceTree = "<group>";
		};
		90D4F2FC28347FFD003B7048 /* Views */ = {
			isa = PBXGroup;
			children = (
				90D4F2DD28347FDE003B7048 /* ContentView.swift */,
				90D4F2FD283481EB003B7048 /* BackgroundView.swift */,
				90D4F2FF28348225003B7048 /* TopNavigationView.swift */,
				90D4F3012834826A003B7048 /* TopNavigationItemView.swift */,
				90D4F30328348359003B7048 /* IntroView.swift */,
				90D4F305283483B3003B7048 /* HeaderView.swift */,
				90D4F3072834847C003B7048 /* GetStartedButtonView.swift */,
				90D4F30D283486D4003B7048 /* FeatureView.swift */,
				90D4F30F28348899003B7048 /* StayProductiveIllustrationView.swift */,
				90D4F31128348904003B7048 /* StayProductiveView.swift */,
				90D4F313283489D7003B7048 /* SeeDetailView.swift */,
				90DFF20D2834929700B9DE16 /* TestimonialView.swift */,
				90DFF20F283495CD00B9DE16 /* QuotesView.swift */,
				90DFF2112835C25C00B9DE16 /* FooterView.swift */,
				90DFF2132835C28200B9DE16 /* FooterLogoView.swift */,
				90DFF2152835C3A300B9DE16 /* FooterLocationView.swift */,
				90DFF2172835C48A00B9DE16 /* FooterContactView.swift */,
				90DFF2192835C55300B9DE16 /* FooterEmailView.swift */,
				90DFF21B2835C5C700B9DE16 /* FooterAboutView.swift */,
				90DFF21D2835C5ED00B9DE16 /* FooterAboutItemView.swift */,
			);
			path = Views;
			sourceTree = "<group>";
		};
/* End PBXGroup section */

/* Begin PBXNativeTarget section */
		90D4F2E228347FE3003B7048 /* Fylo Dark Theme Landing Page (iOS) */ = {
			isa = PBXNativeTarget;
			buildConfigurationList = 90D4F2F428347FE3003B7048 /* Build configuration list for PBXNativeTarget "Fylo Dark Theme Landing Page (iOS)" */;
			buildPhases = (
				90D4F2DF28347FE3003B7048 /* Sources */,
				90D4F2E028347FE3003B7048 /* Frameworks */,
				90D4F2E128347FE3003B7048 /* Resources */,
			);
			buildRules = (
			);
			dependencies = (
			);
			name = "Fylo Dark Theme Landing Page (iOS)";
			productName = "FyloDarkThemeLandingPage (iOS)";
			productReference = 90D4F2E328347FE3003B7048 /* Fylo Dark Theme Landing Page.app */;
			productType = "com.apple.product-type.application";
		};
		90D4F2E828347FE3003B7048 /* Fylo Dark Theme Landing Page (macOS) */ = {
			isa = PBXNativeTarget;
			buildConfigurationList = 90D4F2F728347FE3003B7048 /* Build configuration list for PBXNativeTarget "Fylo Dark Theme Landing Page (macOS)" */;
			buildPhases = (
				90D4F2E528347FE3003B7048 /* Sources */,
				90D4F2E628347FE3003B7048 /* Frameworks */,
				90D4F2E728347FE3003B7048 /* Resources */,
			);
			buildRules = (
			);
			dependencies = (
			);
			name = "Fylo Dark Theme Landing Page (macOS)";
			productName = "FyloDarkThemeLandingPage (macOS)";
			productReference = 90D4F2E928347FE3003B7048 /* Fylo Dark Theme Landing Page.app */;
			productType = "com.apple.product-type.application";
		};
/* End PBXNativeTarget section */

/* Begin PBXProject section */
		90D4F2D728347FDE003B7048 /* Project object */ = {
			isa = PBXProject;
			attributes = {
				BuildIndependentTargetsInParallel = 1;
				LastSwiftUpdateCheck = 1330;
				LastUpgradeCheck = 1330;
				TargetAttributes = {
					90D4F2E228347FE3003B7048 = {
						CreatedOnToolsVersion = 13.3.1;
					};
					90D4F2E828347FE3003B7048 = {
						CreatedOnToolsVersion = 13.3.1;
					};
				};
			};
			buildConfigurationList = 90D4F2DA28347FDE003B7048 /* Build configuration list for PBXProject "Fylo Dark Theme Landing Page" */;
			compatibilityVersion = "Xcode 13.0";
			developmentRegion = en;
			hasScannedForEncodings = 0;
			knownRegions = (
				en,
				Base,
			);
			mainGroup = 90D4F2D628347FDE003B7048;
			productRefGroup = 90D4F2E428347FE3003B7048 /* Products */;
			projectDirPath = "";
			projectRoot = "";
			targets = (
				90D4F2E228347FE3003B7048 /* Fylo Dark Theme Landing Page (iOS) */,
				90D4F2E828347FE3003B7048 /* Fylo Dark Theme Landing Page (macOS) */,
			);
		};
/* End PBXProject section */

/* Begin PBXResourcesBuildPhase section */
		90D4F2E128347FE3003B7048 /* Resources */ = {
			isa = PBXResourcesBuildPhase;
			buildActionMask = 2147483647;
			files = (
				90D4F2F028347FE3003B7048 /* Assets.xcassets in Resources */,
			);
			runOnlyForDeploymentPostprocessing = 0;
		};
		90D4F2E728347FE3003B7048 /* Resources */ = {
			isa = PBXResourcesBuildPhase;
			buildActionMask = 2147483647;
			files = (
				90D4F2F128347FE3003B7048 /* Assets.xcassets in Resources */,
			);
			runOnlyForDeploymentPostprocessing = 0;
		};
/* End PBXResourcesBuildPhase section */

/* Begin PBXSourcesBuildPhase section */
		90D4F2DF28347FE3003B7048 /* Sources */ = {
			isa = PBXSourcesBuildPhase;
			buildActionMask = 2147483647;
			files = (
				90D4F30028348225003B7048 /* TopNavigationView.swift in Sources */,
				90DFF20C283491B700B9DE16 /* TestimonialStorage.swift in Sources */,
				90DFF2142835C28200B9DE16 /* FooterLogoView.swift in Sources */,
				90DFF2122835C25D00B9DE16 /* FooterView.swift in Sources */,
				90DFF2182835C48A00B9DE16 /* FooterContactView.swift in Sources */,
				90D4F2FE283481EB003B7048 /* BackgroundView.swift in Sources */,
				90D4F31228348904003B7048 /* StayProductiveView.swift in Sources */,
				90D4F2EE28347FE3003B7048 /* ContentView.swift in Sources */,
				90D4F3082834847C003B7048 /* GetStartedButtonView.swift in Sources */,
				90D4F2EC28347FE3003B7048 /* FyloDarkThemeLandingPageApp.swift in Sources */,
				90DFF2162835C3A300B9DE16 /* FooterLocationView.swift in Sources */,
				90D4F3022834826A003B7048 /* TopNavigationItemView.swift in Sources */,
				90D4F31028348899003B7048 /* StayProductiveIllustrationView.swift in Sources */,
				90D4F30C283485FA003B7048 /* FeatureStorage.swift in Sources */,
				90D4F31628348BD4003B7048 /* Testimonial.swift in Sources */,
				90DFF210283495CD00B9DE16 /* QuotesView.swift in Sources */,
				90D4F30E283486D4003B7048 /* FeatureView.swift in Sources */,
				90D4F30A28348528003B7048 /* Feature.swift in Sources */,
				90DFF21E2835C5ED00B9DE16 /* FooterAboutItemView.swift in Sources */,
				90D4F30428348359003B7048 /* IntroView.swift in Sources */,
				90D4F306283483B3003B7048 /* HeaderView.swift in Sources */,
				90DFF20E2834929700B9DE16 /* TestimonialView.swift in Sources */,
				90DFF21C2835C5C700B9DE16 /* FooterAboutView.swift in Sources */,
				90D4F314283489D7003B7048 /* SeeDetailView.swift in Sources */,
				90DFF21A2835C55300B9DE16 /* FooterEmailView.swift in Sources */,
			);
			runOnlyForDeploymentPostprocessing = 0;
		};
		90D4F2E528347FE3003B7048 /* Sources */ = {
			isa = PBXSourcesBuildPhase;
			buildActionMask = 2147483647;
			files = (
				90D4F2EF28347FE3003B7048 /* ContentView.swift in Sources */,
				90D4F2ED28347FE3003B7048 /* FyloDarkThemeLandingPageApp.swift in Sources */,
			);
			runOnlyForDeploymentPostprocessing = 0;
		};
/* End PBXSourcesBuildPhase section */

/* Begin XCBuildConfiguration section */
		90D4F2F228347FE3003B7048 /* Debug */ = {
			isa = XCBuildConfiguration;
			buildSettings = {
				ALWAYS_SEARCH_USER_PATHS = NO;
				CLANG_ANALYZER_NONNULL = YES;
				CLANG_ANALYZER_NUMBER_OBJECT_CONVERSION = YES_AGGRESSIVE;
				CLANG_CXX_LANGUAGE_STANDARD = "gnu++17";
				CLANG_ENABLE_MODULES = YES;
				CLANG_ENABLE_OBJC_ARC = YES;
				CLANG_ENABLE_OBJC_WEAK = YES;
				CLANG_WARN_BLOCK_CAPTURE_AUTORELEASING = YES;
				CLANG_WARN_BOOL_CONVERSION = YES;
				CLANG_WARN_COMMA = YES;
				CLANG_WARN_CONSTANT_CONVERSION = YES;
				CLANG_WARN_DEPRECATED_OBJC_IMPLEMENTATIONS = YES;
				CLANG_WARN_DIRECT_OBJC_ISA_USAGE = YES_ERROR;
				CLANG_WARN_DOCUMENTATION_COMMENTS = YES;
				CLANG_WARN_EMPTY_BODY = YES;
				CLANG_WARN_ENUM_CONVERSION = YES;
				CLANG_WARN_INFINITE_RECURSION = YES;
				CLANG_WARN_INT_CONVERSION = YES;
				CLANG_WARN_NON_LITERAL_NULL_CONVERSION = YES;
				CLANG_WARN_OBJC_IMPLICIT_RETAIN_SELF = YES;
				CLANG_WARN_OBJC_LITERAL_CONVERSION = YES;
				CLANG_WARN_OBJC_ROOT_CLASS = YES_ERROR;
				CLANG_WARN_QUOTED_INCLUDE_IN_FRAMEWORK_HEADER = YES;
				CLANG_WARN_RANGE_LOOP_ANALYSIS = YES;
				CLANG_WARN_STRICT_PROTOTYPES = YES;
				CLANG_WARN_SUSPICIOUS_MOVE = YES;
				CLANG_WARN_UNGUARDED_AVAILABILITY = YES_AGGRESSIVE;
				CLANG_WARN_UNREACHABLE_CODE = YES;
				CLANG_WARN__DUPLICATE_METHOD_MATCH = YES;
				COPY_PHASE_STRIP = NO;
				DEBUG_INFORMATION_FORMAT = dwarf;
				ENABLE_STRICT_OBJC_MSGSEND = YES;
				ENABLE_TESTABILITY = YES;
				GCC_C_LANGUAGE_STANDARD = gnu11;
				GCC_DYNAMIC_NO_PIC = NO;
				GCC_NO_COMMON_BLOCKS = YES;
				GCC_OPTIMIZATION_LEVEL = 0;
				GCC_PREPROCESSOR_DEFINITIONS = (
					"DEBUG=1",
					"$(inherited)",
				);
				GCC_WARN_64_TO_32_BIT_CONVERSION = YES;
				GCC_WARN_ABOUT_RETURN_TYPE = YES_ERROR;
				GCC_WARN_UNDECLARED_SELECTOR = YES;
				GCC_WARN_UNINITIALIZED_AUTOS = YES_AGGRESSIVE;
				GCC_WARN_UNUSED_FUNCTION = YES;
				GCC_WARN_UNUSED_VARIABLE = YES;
				IPHONEOS_DEPLOYMENT_TARGET = 15.4;
				MACOSX_DEPLOYMENT_TARGET = 12.3;
				MTL_ENABLE_DEBUG_INFO = INCLUDE_SOURCE;
				MTL_FAST_MATH = YES;
				ONLY_ACTIVE_ARCH = YES;
				SWIFT_ACTIVE_COMPILATION_CONDITIONS = DEBUG;
				SWIFT_OPTIMIZATION_LEVEL = "-Onone";
			};
			name = Debug;
		};
		90D4F2F328347FE3003B7048 /* Release */ = {
			isa = XCBuildConfiguration;
			buildSettings = {
				ALWAYS_SEARCH_USER_PATHS = NO;
				CLANG_ANALYZER_NONNULL = YES;
				CLANG_ANALYZER_NUMBER_OBJECT_CONVERSION = YES_AGGRESSIVE;
				CLANG_CXX_LANGUAGE_STANDARD = "gnu++17";
				CLANG_ENABLE_MODULES = YES;
				CLANG_ENABLE_OBJC_ARC = YES;
				CLANG_ENABLE_OBJC_WEAK = YES;
				CLANG_WARN_BLOCK_CAPTURE_AUTORELEASING = YES;
				CLANG_WARN_BOOL_CONVERSION = YES;
				CLANG_WARN_COMMA = YES;
				CLANG_WARN_CONSTANT_CONVERSION = YES;
				CLANG_WARN_DEPRECATED_OBJC_IMPLEMENTATIONS = YES;
				CLANG_WARN_DIRECT_OBJC_ISA_USAGE = YES_ERROR;
				CLANG_WARN_DOCUMENTATION_COMMENTS = YES;
				CLANG_WARN_EMPTY_BODY = YES;
				CLANG_WARN_ENUM_CONVERSION = YES;
				CLANG_WARN_INFINITE_RECURSION = YES;
				CLANG_WARN_INT_CONVERSION = YES;
				CLANG_WARN_NON_LITERAL_NULL_CONVERSION = YES;
				CLANG_WARN_OBJC_IMPLICIT_RETAIN_SELF = YES;
				CLANG_WARN_OBJC_LITERAL_CONVERSION = YES;
				CLANG_WARN_OBJC_ROOT_CLASS = YES_ERROR;
				CLANG_WARN_QUOTED_INCLUDE_IN_FRAMEWORK_HEADER = YES;
				CLANG_WARN_RANGE_LOOP_ANALYSIS = YES;
				CLANG_WARN_STRICT_PROTOTYPES = YES;
				CLANG_WARN_SUSPICIOUS_MOVE = YES;
				CLANG_WARN_UNGUARDED_AVAILABILITY = YES_AGGRESSIVE;
				CLANG_WARN_UNREACHABLE_CODE = YES;
				CLANG_WARN__DUPLICATE_METHOD_MATCH = YES;
				COPY_PHASE_STRIP = NO;
				DEBUG_INFORMATION_FORMAT = "dwarf-with-dsym";
				ENABLE_NS_ASSERTIONS = NO;
				ENABLE_STRICT_OBJC_MSGSEND = YES;
				GCC_C_LANGUAGE_STANDARD = gnu11;
				GCC_NO_COMMON_BLOCKS = YES;
				GCC_WARN_64_TO_32_BIT_CONVERSION = YES;
				GCC_WARN_ABOUT_RETURN_TYPE = YES_ERROR;
				GCC_WARN_UNDECLARED_SELECTOR = YES;
				GCC_WARN_UNINITIALIZED_AUTOS = YES_AGGRESSIVE;
				GCC_WARN_UNUSED_FUNCTION = YES;
				GCC_WARN_UNUSED_VARIABLE = YES;
				IPHONEOS_DEPLOYMENT_TARGET = 15.4;
				MACOSX_DEPLOYMENT_TARGET = 12.3;
				MTL_ENABLE_DEBUG_INFO = NO;
				MTL_FAST_MATH = YES;
				SWIFT_COMPILATION_MODE = wholemodule;
				SWIFT_OPTIMIZATION_LEVEL = "-O";
			};
			name = Release;
		};
		90D4F2F528347FE3003B7048 /* Debug */ = {
			isa = XCBuildConfiguration;
			buildSettings = {
				ASSETCATALOG_COMPILER_APPICON_NAME = AppIcon;
				ASSETCATALOG_COMPILER_GLOBAL_ACCENT_COLOR_NAME = AccentColor;
				CODE_SIGN_STYLE = Automatic;
				CURRENT_PROJECT_VERSION = 1;
				DEVELOPMENT_TEAM = 862P2X6G9G;
				ENABLE_PREVIEWS = YES;
				GENERATE_INFOPLIST_FILE = YES;
				INFOPLIST_KEY_UIApplicationSceneManifest_Generation = YES;
				INFOPLIST_KEY_UIApplicationSupportsIndirectInputEvents = YES;
				INFOPLIST_KEY_UILaunchScreen_Generation = YES;
				INFOPLIST_KEY_UISupportedInterfaceOrientations_iPad = "UIInterfaceOrientationPortrait UIInterfaceOrientationPortraitUpsideDown UIInterfaceOrientationLandscapeLeft UIInterfaceOrientationLandscapeRight";
				INFOPLIST_KEY_UISupportedInterfaceOrientations_iPhone = "UIInterfaceOrientationPortrait UIInterfaceOrientationLandscapeLeft UIInterfaceOrientationLandscapeRight";
				IPHONEOS_DEPLOYMENT_TARGET = 15.4;
				LD_RUNPATH_SEARCH_PATHS = (
					"$(inherited)",
					"@executable_path/Frameworks",
				);
				MARKETING_VERSION = 1.0;
				PRODUCT_BUNDLE_IDENTIFIER = me.jinwook.kim.FyloDarkThemeLandingPage;
				PRODUCT_NAME = "Fylo Dark Theme Landing Page";
				SDKROOT = iphoneos;
				SWIFT_EMIT_LOC_STRINGS = YES;
				SWIFT_VERSION = 5.0;
				TARGETED_DEVICE_FAMILY = "1,2";
			};
			name = Debug;
		};
		90D4F2F628347FE3003B7048 /* Release */ = {
			isa = XCBuildConfiguration;
			buildSettings = {
				ASSETCATALOG_COMPILER_APPICON_NAME = AppIcon;
				ASSETCATALOG_COMPILER_GLOBAL_ACCENT_COLOR_NAME = AccentColor;
				CODE_SIGN_STYLE = Automatic;
				CURRENT_PROJECT_VERSION = 1;
				DEVELOPMENT_TEAM = 862P2X6G9G;
				ENABLE_PREVIEWS = YES;
				GENERATE_INFOPLIST_FILE = YES;
				INFOPLIST_KEY_UIApplicationSceneManifest_Generation = YES;
				INFOPLIST_KEY_UIApplicationSupportsIndirectInputEvents = YES;
				INFOPLIST_KEY_UILaunchScreen_Generation = YES;
				INFOPLIST_KEY_UISupportedInterfaceOrientations_iPad = "UIInterfaceOrientationPortrait UIInterfaceOrientationPortraitUpsideDown UIInterfaceOrientationLandscapeLeft UIInterfaceOrientationLandscapeRight";
				INFOPLIST_KEY_UISupportedInterfaceOrientations_iPhone = "UIInterfaceOrientationPortrait UIInterfaceOrientationLandscapeLeft UIInterfaceOrientationLandscapeRight";
				IPHONEOS_DEPLOYMENT_TARGET = 15.4;
				LD_RUNPATH_SEARCH_PATHS = (
					"$(inherited)",
					"@executable_path/Frameworks",
				);
				MARKETING_VERSION = 1.0;
				PRODUCT_BUNDLE_IDENTIFIER = me.jinwook.kim.FyloDarkThemeLandingPage;
				PRODUCT_NAME = "Fylo Dark Theme Landing Page";
				SDKROOT = iphoneos;
				SWIFT_EMIT_LOC_STRINGS = YES;
				SWIFT_VERSION = 5.0;
				TARGETED_DEVICE_FAMILY = "1,2";
				VALIDATE_PRODUCT = YES;
			};
			name = Release;
		};
		90D4F2F828347FE3003B7048 /* Debug */ = {
			isa = XCBuildConfiguration;
			buildSettings = {
				ASSETCATALOG_COMPILER_APPICON_NAME = AppIcon;
				ASSETCATALOG_COMPILER_GLOBAL_ACCENT_COLOR_NAME = AccentColor;
				CODE_SIGN_ENTITLEMENTS = macOS/macOS.entitlements;
				CODE_SIGN_STYLE = Automatic;
				COMBINE_HIDPI_IMAGES = YES;
				CURRENT_PROJECT_VERSION = 1;
				DEVELOPMENT_TEAM = 862P2X6G9G;
				ENABLE_HARDENED_RUNTIME = YES;
				ENABLE_PREVIEWS = YES;
				GENERATE_INFOPLIST_FILE = YES;
				INFOPLIST_KEY_NSHumanReadableCopyright = "";
				LD_RUNPATH_SEARCH_PATHS = (
					"$(inherited)",
					"@executable_path/../Frameworks",
				);
				MACOSX_DEPLOYMENT_TARGET = 12.3;
				MARKETING_VERSION = 1.0;
				PRODUCT_BUNDLE_IDENTIFIER = me.jinwook.kim.FyloDarkThemeLandingPage;
				PRODUCT_NAME = "Fylo Dark Theme Landing Page";
				SDKROOT = macosx;
				SWIFT_EMIT_LOC_STRINGS = YES;
				SWIFT_VERSION = 5.0;
			};
			name = Debug;
		};
		90D4F2F928347FE3003B7048 /* Release */ = {
			isa = XCBuildConfiguration;
			buildSettings = {
				ASSETCATALOG_COMPILER_APPICON_NAME = AppIcon;
				ASSETCATALOG_COMPILER_GLOBAL_ACCENT_COLOR_NAME = AccentColor;
				CODE_SIGN_ENTITLEMENTS = macOS/macOS.entitlements;
				CODE_SIGN_STYLE = Automatic;
				COMBINE_HIDPI_IMAGES = YES;
				CURRENT_PROJECT_VERSION = 1;
				DEVELOPMENT_TEAM = 862P2X6G9G;
				ENABLE_HARDENED_RUNTIME = YES;
				ENABLE_PREVIEWS = YES;
				GENERATE_INFOPLIST_FILE = YES;
				INFOPLIST_KEY_NSHumanReadableCopyright = "";
				LD_RUNPATH_SEARCH_PATHS = (
					"$(inherited)",
					"@executable_path/../Frameworks",
				);
				MACOSX_DEPLOYMENT_TARGET = 12.3;
				MARKETING_VERSION = 1.0;
				PRODUCT_BUNDLE_IDENTIFIER = me.jinwook.kim.FyloDarkThemeLandingPage;
				PRODUCT_NAME = "Fylo Dark Theme Landing Page";
				SDKROOT = macosx;
				SWIFT_EMIT_LOC_STRINGS = YES;
				SWIFT_VERSION = 5.0;
			};
			name = Release;
		};
/* End XCBuildConfiguration section */

/* Begin XCConfigurationList section */
		90D4F2DA28347FDE003B7048 /* Build configuration list for PBXProject "Fylo Dark Theme Landing Page" */ = {
			isa = XCConfigurationList;
			buildConfigurations = (
				90D4F2F228347FE3003B7048 /* Debug */,
				90D4F2F328347FE3003B7048 /* Release */,
			);
			defaultConfigurationIsVisible = 0;
			defaultConfigurationName = Release;
		};
		90D4F2F428347FE3003B7048 /* Build configuration list for PBXNativeTarget "Fylo Dark Theme Landing Page (iOS)" */ = {
			isa = XCConfigurationList;
			buildConfigurations = (
				90D4F2F528347FE3003B7048 /* Debug */,
				90D4F2F628347FE3003B7048 /* Release */,
			);
			defaultConfigurationIsVisible = 0;
			defaultConfigurationName = Release;
		};
		90D4F2F728347FE3003B7048 /* Build configuration list for PBXNativeTarget "Fylo Dark Theme Landing Page (macOS)" */ = {
			isa = XCConfigurationList;
			buildConfigurations = (
				90D4F2F828347FE3003B7048 /* Debug */,
				90D4F2F928347FE3003B7048 /* Release */,
			);
			defaultConfigurationIsVisible = 0;
			defaultConfigurationName = Release;
		};
/* End XCConfigurationList section */
	};
	rootObject = 90D4F2D728347FDE003B7048 /* Project object */;
}
